PODS:
  - Alamofire (5.10.2)
  - HFNetWork_Semple (0.1.6):
    - Alamofire (= 5.10.2)
    - Masonry (= 1.1.0)
  - Masonry (1.1.0)

DEPENDENCIES:
  - HFNetWork_Semple (from `../`)

SPEC REPOS:
  trunk:
    - Alamofire
    - Masonry

EXTERNAL SOURCES:
  HFNetWork_Semple:
    :path: "../"

SPEC CHECKSUMS:
  Alamofire: 7193b3b92c74a07f85569e1a6c4f4237291e7496
  HFNetWork_Semple: e6783f85a72e870a8d626b4f4753f46206030187
  Masonry: 678fab65091a9290e40e2832a55e7ab731aad201

PODFILE CHECKSUM: ed59f33b64a254fb1f872b5ee7a79b3e919b2386

COCOAPODS: 1.16.2
